// !$*UTF8*$!
{
	archiveVersion = 1;
	classes = {
	};
	objectVersion = 46;
	objects = {

/* Begin PBXBuildFile section */
		96DA3DF81AA3793600CD70DE /* main.c in Sources */ = {isa = PBXBuildFile; fileRef = 96DA3DF71AA3793600CD70DE /* main.c */; };
		96DA3E001AA38B3800CD70DE /* TGBitOutput.c in Sources */ = {isa = PBXBuildFile; fileRef = 96DA3DFE1AA38B3800CD70DE /* TGBitOutput.c */; };
/* End PBXBuildFile section */

/* Begin PBXCopyFilesBuildPhase section */
		96DA3DF21AA3793600CD70DE /* CopyFiles */ = {
			isa = PBXCopyFilesBuildPhase;
			buildActionMask = 2147483647;
			dstPath = /usr/share/man/man1/;
			dstSubfolderSpec = 0;
			files = (
			);
			runOnlyForDeploymentPostprocessing = 1;
		};
/* End PBXCopyFilesBuildPhase section */

/* Begin PBXFileReference section */
		96DA3DF41AA3793600CD70DE /* TGBitOutput */ = {isa = PBXFileReference; explicitFileType = "compiled.mach-o.executable"; includeInIndex = 0; path = TGBitOutput; sourceTree = BUILT_PRODUCTS_DIR; };
		96DA3DF71AA3793600CD70DE /* main.c */ = {isa = PBXFileReference; lastKnownFileType = sourcecode.c.c; path = main.c; sourceTree = "<group>"; };
		96DA3DFE1AA38B3800CD70DE /* TGBitOutput.c */ = {isa = PBXFileReference; fileEncoding = 4; lastKnownFileType = sourcecode.c.c; path = TGBitOutput.c; sourceTree = "<group>"; };
		96DA3DFF1AA38B3800CD70DE /* TGBitOutput.h */ = {isa = PBXFileReference; fileEncoding = 4; lastKnownFileType = sourcecode.c.h; path = TGBitOutput.h; sourceTree = "<group>"; };
/* End PBXFileReference section */

/* Begin PBXFrameworksBuildPhase section */
		96DA3DF11AA3793600CD70DE /* Frameworks */ = {
			isa = PBXFrameworksBuildPhase;
			buildActionMask = 2147483647;
			files = (
			);
			runOnlyForDeploymentPostprocessing = 0;
		};
/* End PBXFrameworksBuildPhase section */

/* Begin PBXGroup section */
		96DA3DEB1AA3793500CD70DE = {
			isa = PBXGroup;
			children = (
				96DA3DF61AA3793600CD70DE /* TGBitOutput */,
				96DA3DF51AA3793600CD70DE /* Products */,
			);
			sourceTree = "<group>";
		};
		96DA3DF51AA3793600CD70DE /* Products */ = {
			isa = PBXGroup;
			children = (
				96DA3DF41AA3793600CD70DE /* TGBitOutput */,
			);
			name = Products;
			sourceTree = "<group>";
		};
		96DA3DF61AA3793600CD70DE /* TGBitOutput */ = {
			isa = PBXGroup;
			children = (
				96DA3DF71AA3793600CD70DE /* main.c */,
				96DA3DFE1AA38B3800CD70DE /* TGBitOutput.c */,
				96DA3DFF1AA38B3800CD70DE /* TGBitOutput.h */,
			);
			path = TGBitOutput;
			sourceTree = "<group>";
		};
/* End PBXGroup section */

/* Begin PBXNativeTarget section */
		96DA3DF31AA3793600CD70DE /* TGBitOutput */ = {
			isa = PBXNativeTarget;
			buildConfigurationList = 96DA3DFB1AA3793600CD70DE /* Build configuration list for PBXNativeTarget "TGBitOutput" */;
			buildPhases = (
				96DA3DF01AA3793600CD70DE /* Sources */,
				96DA3DF11AA3793600CD70DE /* Frameworks */,
				96DA3DF21AA3793600CD70DE /* CopyFiles */,
			);
			buildRules = (
			);
			dependencies = (
			);
			name = TGBitOutput;
			productName = TGBitOutput;
			productReference = 96DA3DF41AA3793600CD70DE /* TGBitOutput */;
			productType = "com.apple.product-type.tool";
		};
/* End PBXNativeTarget section */

/* Begin PBXProject section */
		96DA3DEC1AA3793500CD70DE /* Project object */ = {
			isa = PBXProject;
			attributes = {
				LastUpgradeCheck = 0610;
				ORGANIZATIONNAME = Tora;
				TargetAttributes = {
					96DA3DF31AA3793600CD70DE = {
						CreatedOnToolsVersion = 6.1.1;
					};
				};
			};
			buildConfigurationList = 96DA3DEF1AA3793500CD70DE /* Build configuration list for PBXProject "TGBitOutput" */;
			compatibilityVersion = "Xcode 3.2";
			developmentRegion = English;
			hasScannedForEncodings = 0;
			knownRegions = (
				en,
			);
			mainGroup = 96DA3DEB1AA3793500CD70DE;
			productRefGroup = 96DA3DF51AA3793600CD70DE /* Products */;
			projectDirPath = "";
			projectRoot = "";
			targets = (
				96DA3DF31AA3793600CD70DE /* TGBitOutput */,
			);
		};
/* End PBXProject section */

/* Begin PBXSourcesBuildPhase section */
		96DA3DF01AA3793600CD70DE /* Sources */ = {
			isa = PBXSourcesBuildPhase;
			buildActionMask = 2147483647;
			files = (
				96DA3DF81AA3793600CD70DE /* main.c in Sources */,
				96DA3E001AA38B3800CD70DE /* TGBitOutput.c in Sources */,
			);
			runOnlyForDeploymentPostprocessing = 0;
		};
/* End PBXSourcesBuildPhase section */

/* Begin XCBuildConfiguration section */
		96DA3DF91AA3793600CD70DE /* Debug */ = {
			isa = XCBuildConfiguration;
			buildSettings = {
				ALWAYS_SEARCH_USER_PATHS = NO;
				CLANG_CXX_LANGUAGE_STANDARD = "gnu++0x";
				CLANG_CXX_LIBRARY = "libc++";
				CLANG_ENABLE_MODULES = YES;
				CLANG_ENABLE_OBJC_ARC = YES;
				CLANG_WARN_BOOL_CONVERSION = YES;
				CLANG_WARN_CONSTANT_CONVERSION = YES;
				CLANG_WARN_DIRECT_OBJC_ISA_USAGE = YES_ERROR;
				CLANG_WARN_EMPTY_BODY = YES;
				CLANG_WARN_ENUM_CONVERSION = YES;
				CLANG_WARN_INT_CONVERSION = YES;
				CLANG_WARN_OBJC_ROOT_CLASS = YES_ERROR;
				CLANG_WARN_UNREACHABLE_CODE = YES;
				CLANG_WARN__DUPLICATE_METHOD_MATCH = YES;
				COPY_PHASE_STRIP = NO;
				ENABLE_STRICT_OBJC_MSGSEND = YES;
				GCC_C_LANGUAGE_STANDARD = gnu99;
				GCC_DYNAMIC_NO_PIC = NO;
				GCC_OPTIMIZATION_LEVEL = 0;
				GCC_PREPROCESSOR_DEFINITIONS = (
					"DEBUG=1",
					"$(inherited)",
				);
				GCC_SYMBOLS_PRIVATE_EXTERN = NO;
				GCC_WARN_64_TO_32_BIT_CONVERSION = YES;
				GCC_WARN_ABOUT_RETURN_TYPE = YES_ERROR;
				GCC_WARN_UNDECLARED_SELECTOR = YES;
				GCC_WARN_UNINITIALIZED_AUTOS = YES_AGGRESSIVE;
				GCC_WARN_UNUSED_FUNCTION = YES;
				GCC_WARN_UNUSED_VARIABLE = YES;
				MACOSX_DEPLOYMENT_TARGET = 10.9;
				MTL_ENABLE_DEBUG_INFO = YES;
				ONLY_ACTIVE_ARCH = YES;
				SDKROOT = macosx;
			};
			name = Debug;
		};
		96DA3DFA1AA3793600CD70DE /* Release */ = {
			isa = XCBuildConfiguration;
			buildSettings = {
				ALWAYS_SEARCH_USER_PATHS = NO;
				CLANG_CXX_LANGUAGE_STANDARD = "gnu++0x";
				CLANG_CXX_LIBRARY = "libc++";
				CLANG_ENABLE_MODULES = YES;
				CLANG_ENABLE_OBJC_ARC = YES;
				CLANG_WARN_BOOL_CONVERSION = YES;
				CLANG_WARN_CONSTANT_CONVERSION = YES;
				CLANG_WARN_DIRECT_OBJC_ISA_USAGE = YES_ERROR;
				CLANG_WARN_EMPTY_BODY = YES;
				CLANG_WARN_ENUM_CONVERSION = YES;
				CLANG_WARN_INT_CONVERSION = YES;
				CLANG_WARN_OBJC_ROOT_CLASS = YES_ERROR;
				CLANG_WARN_UNREACHABLE_CODE = YES;
				CLANG_WARN__DUPLICATE_METHOD_MATCH = YES;
				COPY_PHASE_STRIP = YES;
				DEBUG_INFORMATION_FORMAT = "dwarf-with-dsym";
				ENABLE_NS_ASSERTIONS = NO;
				ENABLE_STRICT_OBJC_MSGSEND = YES;
				GCC_C_LANGUAGE_STANDARD = gnu99;
				GCC_WARN_64_TO_32_BIT_CONVERSION = YES;
				GCC_WARN_ABOUT_RETURN_TYPE = YES_ERROR;
				GCC_WARN_UNDECLARED_SELECTOR = YES;
				GCC_WARN_UNINITIALIZED_AUTOS = YES_AGGRESSIVE;
				GCC_WARN_UNUSED_FUNCTION = YES;
				GCC_WARN_UNUSED_VARIABLE = YES;
				MACOSX_DEPLOYMENT_TARGET = 10.9;
				MTL_ENABLE_DEBUG_INFO = NO;
				SDKROOT = macosx;
			};
			name = Release;
		};
		96DA3DFC1AA3793600CD70DE /* Debug */ = {
			isa = XCBuildConfiguration;
			buildSettings = {
				PRODUCT_NAME = "$(TARGET_NAME)";
			};
			name = Debug;
		};
		96DA3DFD1AA3793600CD70DE /* Release */ = {
			isa = XCBuildConfiguration;
			buildSettings = {
				PRODUCT_NAME = "$(TARGET_NAME)";
			};
			name = Release;
		};
/* End XCBuildConfiguration section */

/* Begin XCConfigurationList section */
		96DA3DEF1AA3793500CD70DE /* Build configuration list for PBXProject "TGBitOutput" */ = {
			isa = XCConfigurationList;
			buildConfigurations = (
				96DA3DF91AA3793600CD70DE /* Debug */,
				96DA3DFA1AA3793600CD70DE /* Release */,
			);
			defaultConfigurationIsVisible = 0;
			defaultConfigurationName = Release;
		};
		96DA3DFB1AA3793600CD70DE /* Build configuration list for PBXNativeTarget "TGBitOutput" */ = {
			isa = XCConfigurationList;
			buildConfigurations = (
				96DA3DFC1AA3793600CD70DE /* Debug */,
				96DA3DFD1AA3793600CD70DE /* Release */,
			);
			defaultConfigurationIsVisible = 0;
		};
/* End XCConfigurationList section */
	};
	rootObject = 96DA3DEC1AA3793500CD70DE /* Project object */;
}
